
Microsoft Visual Studio Solution File, Format Version 12.00
# Visual Studio Version 17
VisualStudioVersion = 17.7.34031.279
MinimumVisualStudioVersion = 10.0.40219.1
Project("{9A19103F-16F7-4668-BE54-9A1E7A4F7556}") = "TgBot", "TgBot\TgBot.csproj", "{C171C6E3-D1EC-4091-9D7C-29C2DFD4C2D8}"
	ProjectSection(ProjectDependencies) = postProject
		{B9BEDCF7-3AB6-40BB-B00A-A9E2E3BCA0D8} = {B9BEDCF7-3AB6-40BB-B00A-A9E2E3BCA0D8}
		{C84D4287-7C53-4531-9CFF-F5997AEBF55D} = {C84D4287-7C53-4531-9CFF-F5997AEBF55D}
	EndProjectSection
EndProject
Project("{9A19103F-16F7-4668-BE54-9A1E7A4F7556}") = "TgBot.Entities", "TgBot.Entities\TgBot.Entities.csproj", "{B9BEDCF7-3AB6-40BB-B00A-A9E2E3BCA0D8}"
EndProject
Project("{9A19103F-16F7-4668-BE54-9A1E7A4F7556}") = "TgBot.UseCase", "UseCase.Tg\TgBot.UseCase.csproj", "{C84D4287-7C53-4531-9CFF-F5997AEBF55D}"
EndProject
Project("{9A19103F-16F7-4668-BE54-9A1E7A4F7556}") = "TgBot.Infrastructure", "Infrastructure\TgBot.Infrastructure.csproj", "{B28026BA-7EB8-454B-AD63-517888340E1C}"
EndProject
Project("{FAE04EC0-301F-11D3-BF4B-00C04F79EFBC}") = "TgBot.Infrastructure.Tests", "Tests\TgBot.Infrastructure.Tests.csproj", "{C9855DB5-9732-49E4-8764-DB216045EBEF}"
	ProjectSection(ProjectDependencies) = postProject
		{B28026BA-7EB8-454B-AD63-517888340E1C} = {B28026BA-7EB8-454B-AD63-517888340E1C}
	EndProjectSection
EndProject
Global
	GlobalSection(SolutionConfigurationPlatforms) = preSolution
		Debug|Any CPU = Debug|Any CPU
		Release|Any CPU = Release|Any CPU
	EndGlobalSection
	GlobalSection(ProjectConfigurationPlatforms) = postSolution
		{C171C6E3-D1EC-4091-9D7C-29C2DFD4C2D8}.Debug|Any CPU.ActiveCfg = Debug|Any CPU
		{C171C6E3-D1EC-4091-9D7C-29C2DFD4C2D8}.Debug|Any CPU.Build.0 = Debug|Any CPU
		{C171C6E3-D1EC-4091-9D7C-29C2DFD4C2D8}.Release|Any CPU.ActiveCfg = Release|Any CPU
		{C171C6E3-D1EC-4091-9D7C-29C2DFD4C2D8}.Release|Any CPU.Build.0 = Release|Any CPU
		{B9BEDCF7-3AB6-40BB-B00A-A9E2E3BCA0D8}.Debug|Any CPU.ActiveCfg = Debug|Any CPU
		{B9BEDCF7-3AB6-40BB-B00A-A9E2E3BCA0D8}.Debug|Any CPU.Build.0 = Debug|Any CPU
		{B9BEDCF7-3AB6-40BB-B00A-A9E2E3BCA0D8}.Release|Any CPU.ActiveCfg = Release|Any CPU
		{B9BEDCF7-3AB6-40BB-B00A-A9E2E3BCA0D8}.Release|Any CPU.Build.0 = Release|Any CPU
		{C84D4287-7C53-4531-9CFF-F5997AEBF55D}.Debug|Any CPU.ActiveCfg = Debug|Any CPU
		{C84D4287-7C53-4531-9CFF-F5997AEBF55D}.Debug|Any CPU.Build.0 = Debug|Any CPU
		{C84D4287-7C53-4531-9CFF-F5997AEBF55D}.Release|Any CPU.ActiveCfg = Release|Any CPU
		{C84D4287-7C53-4531-9CFF-F5997AEBF55D}.Release|Any CPU.Build.0 = Release|Any CPU
		{B28026BA-7EB8-454B-AD63-517888340E1C}.Debug|Any CPU.ActiveCfg = Debug|Any CPU
		{B28026BA-7EB8-454B-AD63-517888340E1C}.Debug|Any CPU.Build.0 = Debug|Any CPU
		{B28026BA-7EB8-454B-AD63-517888340E1C}.Release|Any CPU.ActiveCfg = Release|Any CPU
		{B28026BA-7EB8-454B-AD63-517888340E1C}.Release|Any CPU.Build.0 = Release|Any CPU
		{C9855DB5-9732-49E4-8764-DB216045EBEF}.Debug|Any CPU.ActiveCfg = Debug|Any CPU
		{C9855DB5-9732-49E4-8764-DB216045EBEF}.Debug|Any CPU.Build.0 = Debug|Any CPU
		{C9855DB5-9732-49E4-8764-DB216045EBEF}.Release|Any CPU.ActiveCfg = Release|Any CPU
		{C9855DB5-9732-49E4-8764-DB216045EBEF}.Release|Any CPU.Build.0 = Release|Any CPU
	EndGlobalSection
	GlobalSection(SolutionProperties) = preSolution
		HideSolutionNode = FALSE
	EndGlobalSection
	GlobalSection(ExtensibilityGlobals) = postSolution
		SolutionGuid = {8214436E-CB43-489E-8CA4-6807179218AF}
	EndGlobalSection
EndGlobal
